
Microsoft Visual Studio Solution File, Format Version 12.00
# Visual Studio 14
VisualStudioVersion = 14.0.23107.0
MinimumVisualStudioVersion = 10.0.40219.1
Project("{FAE04EC0-301F-11D3-BF4B-00C04F79EFBC}") = "TestSetup", "TestSetup\TestSetup.csproj", "{A410C3D2-E69C-4ACE-9BE2-BD6391700664}"
EndProject
Project("{54435603-DBB4-11D2-8724-00A0C9A8B90C}") = "SetupProjectTest", "SetupProjectTest\SetupProjectTest.vdproj", "{59D1B683-1C08-4159-AF89-C612E91E84F1}"
EndProject
Global
	GlobalSection(SolutionConfigurationPlatforms) = preSolution
		Debug|Any CPU = Debug|Any CPU
		Release|Any CPU = Release|Any CPU
	EndGlobalSection
	GlobalSection(ProjectConfigurationPlatforms) = postSolution
		{A410C3D2-E69C-4ACE-9BE2-BD6391700664}.Debug|Any CPU.ActiveCfg = Debug|Any CPU
		{A410C3D2-E69C-4ACE-9BE2-BD6391700664}.Debug|Any CPU.Build.0 = Debug|Any CPU
		{A410C3D2-E69C-4ACE-9BE2-BD6391700664}.Release|Any CPU.ActiveCfg = Release|Any CPU
		{A410C3D2-E69C-4ACE-9BE2-BD6391700664}.Release|Any CPU.Build.0 = Release|Any CPU
		{59D1B683-1C08-4159-AF89-C612E91E84F1}.Debug|Any CPU.ActiveCfg = Debug
		{59D1B683-1C08-4159-AF89-C612E91E84F1}.Release|Any CPU.ActiveCfg = Release
	EndGlobalSection
	GlobalSection(SolutionProperties) = preSolution
		HideSolutionNode = FALSE
	EndGlobalSection
EndGlobal
